
Microsoft Visual Studio Solution File, Format Version 12.00
# Visual Studio Version 16
VisualStudioVersion = 16.0.29215.179
MinimumVisualStudioVersion = 10.0.40219.1
Project("{FAE04EC0-301F-11D3-BF4B-00C04F79EFBC}") = "APP_Comercio", "APP_Comercio\APP_Comercio.csproj", "{91A37B5B-8A72-4DAB-9FE8-F984BEB76DE5}"
EndProject
Project("{FAE04EC0-301F-11D3-BF4B-00C04F79EFBC}") = "Dominio", "Dominio\Dominio.csproj", "{769FA8DF-2993-4700-BBBB-62EA50F25766}"
EndProject
Project("{FAE04EC0-301F-11D3-BF4B-00C04F79EFBC}") = "Negocio", "Negocio\Negocio.csproj", "{4583236D-400F-4515-A5A3-A4CB7CA26498}"
EndProject
Global
	GlobalSection(SolutionConfigurationPlatforms) = preSolution
		Debug|Any CPU = Debug|Any CPU
		Release|Any CPU = Release|Any CPU
	EndGlobalSection
	GlobalSection(ProjectConfigurationPlatforms) = postSolution
		{91A37B5B-8A72-4DAB-9FE8-F984BEB76DE5}.Debug|Any CPU.ActiveCfg = Debug|Any CPU
		{91A37B5B-8A72-4DAB-9FE8-F984BEB76DE5}.Debug|Any CPU.Build.0 = Debug|Any CPU
		{91A37B5B-8A72-4DAB-9FE8-F984BEB76DE5}.Release|Any CPU.ActiveCfg = Release|Any CPU
		{91A37B5B-8A72-4DAB-9FE8-F984BEB76DE5}.Release|Any CPU.Build.0 = Release|Any CPU
		{769FA8DF-2993-4700-BBBB-62EA50F25766}.Debug|Any CPU.ActiveCfg = Debug|Any CPU
		{769FA8DF-2993-4700-BBBB-62EA50F25766}.Debug|Any CPU.Build.0 = Debug|Any CPU
		{769FA8DF-2993-4700-BBBB-62EA50F25766}.Release|Any CPU.ActiveCfg = Release|Any CPU
		{769FA8DF-2993-4700-BBBB-62EA50F25766}.Release|Any CPU.Build.0 = Release|Any CPU
		{4583236D-400F-4515-A5A3-A4CB7CA26498}.Debug|Any CPU.ActiveCfg = Debug|Any CPU
		{4583236D-400F-4515-A5A3-A4CB7CA26498}.Debug|Any CPU.Build.0 = Debug|Any CPU
		{4583236D-400F-4515-A5A3-A4CB7CA26498}.Release|Any CPU.ActiveCfg = Release|Any CPU
		{4583236D-400F-4515-A5A3-A4CB7CA26498}.Release|Any CPU.Build.0 = Release|Any CPU
	EndGlobalSection
	GlobalSection(SolutionProperties) = preSolution
		HideSolutionNode = FALSE
	EndGlobalSection
	GlobalSection(ExtensibilityGlobals) = postSolution
		SolutionGuid = {A2714219-CC65-4810-A9A9-4FFF3D00D5F5}
	EndGlobalSection
EndGlobal
